// !$*UTF8*$!
{
	archiveVersion = 1;
	classes = {
	};
	objectVersion = 50;
	objects = {

/* Begin PBXBuildFile section */
		556B8EEB210B3BE6000C8C50 /* AppDelegate.m in Sources */ = {isa = PBXBuildFile; fileRef = 556B8EEA210B3BE6000C8C50 /* AppDelegate.m */; };
		556B8EEE210B3BE7000C8C50 /* ViewController.m in Sources */ = {isa = PBXBuildFile; fileRef = 556B8EED210B3BE7000C8C50 /* ViewController.m */; };
		556B8EF1210B3BE7000C8C50 /* Main.storyboard in Resources */ = {isa = PBXBuildFile; fileRef = 556B8EEF210B3BE7000C8C50 /* Main.storyboard */; };
		556B8EF3210B3BEA000C8C50 /* Assets.xcassets in Resources */ = {isa = PBXBuildFile; fileRef = 556B8EF2210B3BEA000C8C50 /* Assets.xcassets */; };
		556B8EF6210B3BEA000C8C50 /* LaunchScreen.storyboard in Resources */ = {isa = PBXBuildFile; fileRef = 556B8EF4210B3BEA000C8C50 /* LaunchScreen.storyboard */; };
		556B8EF9210B3BEA000C8C50 /* main.m in Sources */ = {isa = PBXBuildFile; fileRef = 556B8EF8210B3BEA000C8C50 /* main.m */; };
		556B8F03210B3BEB000C8C50 /* testTests.m in Sources */ = {isa = PBXBuildFile; fileRef = 556B8F02210B3BEB000C8C50 /* testTests.m */; };
		556B8F0E210B3BEB000C8C50 /* testUITests.m in Sources */ = {isa = PBXBuildFile; fileRef = 556B8F0D210B3BEB000C8C50 /* testUITests.m */; };
		556B8F20210C46EF000C8C50 /* Cat.m in Sources */ = {isa = PBXBuildFile; fileRef = 556B8F1F210C46EF000C8C50 /* Cat.m */; };
		556B8F23210C785B000C8C50 /* UIImage+LoadSuccess.m in Sources */ = {isa = PBXBuildFile; fileRef = 556B8F22210C785B000C8C50 /* UIImage+LoadSuccess.m */; };
		556B8F26210C822E000C8C50 /* Cat+name.m in Sources */ = {isa = PBXBuildFile; fileRef = 556B8F25210C822E000C8C50 /* Cat+name.m */; };
/* End PBXBuildFile section */

/* Begin PBXContainerItemProxy section */
		556B8EFF210B3BEB000C8C50 /* PBXContainerItemProxy */ = {
			isa = PBXContainerItemProxy;
			containerPortal = 556B8EDE210B3BE6000C8C50 /* Project object */;
			proxyType = 1;
			remoteGlobalIDString = 556B8EE5210B3BE6000C8C50;
			remoteInfo = test;
		};
		556B8F0A210B3BEB000C8C50 /* PBXContainerItemProxy */ = {
			isa = PBXContainerItemProxy;
			containerPortal = 556B8EDE210B3BE6000C8C50 /* Project object */;
			proxyType = 1;
			remoteGlobalIDString = 556B8EE5210B3BE6000C8C50;
			remoteInfo = test;
		};
/* End PBXContainerItemProxy section */

/* Begin PBXFileReference section */
		556B8EE6210B3BE6000C8C50 /* test.app */ = {isa = PBXFileReference; explicitFileType = wrapper.application; includeInIndex = 0; path = test.app; sourceTree = BUILT_PRODUCTS_DIR; };
		556B8EE9210B3BE6000C8C50 /* AppDelegate.h */ = {isa = PBXFileReference; lastKnownFileType = sourcecode.c.h; path = AppDelegate.h; sourceTree = "<group>"; };
		556B8EEA210B3BE6000C8C50 /* AppDelegate.m */ = {isa = PBXFileReference; lastKnownFileType = sourcecode.c.objc; path = AppDelegate.m; sourceTree = "<group>"; };
		556B8EEC210B3BE6000C8C50 /* ViewController.h */ = {isa = PBXFileReference; lastKnownFileType = sourcecode.c.h; path = ViewController.h; sourceTree = "<group>"; };
		556B8EED210B3BE7000C8C50 /* ViewController.m */ = {isa = PBXFileReference; lastKnownFileType = sourcecode.c.objc; path = ViewController.m; sourceTree = "<group>"; };
		556B8EF0210B3BE7000C8C50 /* Base */ = {isa = PBXFileReference; lastKnownFileType = file.storyboard; name = Base; path = Base.lproj/Main.storyboard; sourceTree = "<group>"; };
		556B8EF2210B3BEA000C8C50 /* Assets.xcassets */ = {isa = PBXFileReference; lastKnownFileType = folder.assetcatalog; path = Assets.xcassets; sourceTree = "<group>"; };
		556B8EF5210B3BEA000C8C50 /* Base */ = {isa = PBXFileReference; lastKnownFileType = file.storyboard; name = Base; path = Base.lproj/LaunchScreen.storyboard; sourceTree = "<group>"; };
		556B8EF7210B3BEA000C8C50 /* Info.plist */ = {isa = PBXFileReference; lastKnownFileType = text.plist.xml; path = Info.plist; sourceTree = "<group>"; };
		556B8EF8210B3BEA000C8C50 /* main.m */ = {isa = PBXFileReference; lastKnownFileType = sourcecode.c.objc; path = main.m; sourceTree = "<group>"; };
		556B8EFE210B3BEB000C8C50 /* testTests.xctest */ = {isa = PBXFileReference; explicitFileType = wrapper.cfbundle; includeInIndex = 0; path = testTests.xctest; sourceTree = BUILT_PRODUCTS_DIR; };
		556B8F02210B3BEB000C8C50 /* testTests.m */ = {isa = PBXFileReference; lastKnownFileType = sourcecode.c.objc; path = testTests.m; sourceTree = "<group>"; };
		556B8F04210B3BEB000C8C50 /* Info.plist */ = {isa = PBXFileReference; lastKnownFileType = text.plist.xml; path = Info.plist; sourceTree = "<group>"; };
		556B8F09210B3BEB000C8C50 /* testUITests.xctest */ = {isa = PBXFileReference; explicitFileType = wrapper.cfbundle; includeInIndex = 0; path = testUITests.xctest; sourceTree = BUILT_PRODUCTS_DIR; };
		556B8F0D210B3BEB000C8C50 /* testUITests.m */ = {isa = PBXFileReference; lastKnownFileType = sourcecode.c.objc; path = testUITests.m; sourceTree = "<group>"; };
		556B8F0F210B3BEB000C8C50 /* Info.plist */ = {isa = PBXFileReference; lastKnownFileType = text.plist.xml; path = Info.plist; sourceTree = "<group>"; };
		556B8F1E210C46EF000C8C50 /* Cat.h */ = {isa = PBXFileReference; lastKnownFileType = sourcecode.c.h; path = Cat.h; sourceTree = "<group>"; };
		556B8F1F210C46EF000C8C50 /* Cat.m */ = {isa = PBXFileReference; lastKnownFileType = sourcecode.c.objc; path = Cat.m; sourceTree = "<group>"; };
		556B8F21210C785B000C8C50 /* UIImage+LoadSuccess.h */ = {isa = PBXFileReference; lastKnownFileType = sourcecode.c.h; path = "UIImage+LoadSuccess.h"; sourceTree = "<group>"; };
		556B8F22210C785B000C8C50 /* UIImage+LoadSuccess.m */ = {isa = PBXFileReference; lastKnownFileType = sourcecode.c.objc; path = "UIImage+LoadSuccess.m"; sourceTree = "<group>"; };
		556B8F24210C822E000C8C50 /* Cat+name.h */ = {isa = PBXFileReference; lastKnownFileType = sourcecode.c.h; path = "Cat+name.h"; sourceTree = "<group>"; };
		556B8F25210C822E000C8C50 /* Cat+name.m */ = {isa = PBXFileReference; lastKnownFileType = sourcecode.c.objc; path = "Cat+name.m"; sourceTree = "<group>"; };
/* End PBXFileReference section */

/* Begin PBXFrameworksBuildPhase section */
		556B8EE3210B3BE6000C8C50 /* Frameworks */ = {
			isa = PBXFrameworksBuildPhase;
			buildActionMask = 2147483647;
			files = (
			);
			runOnlyForDeploymentPostprocessing = 0;
		};
		556B8EFB210B3BEB000C8C50 /* Frameworks */ = {
			isa = PBXFrameworksBuildPhase;
			buildActionMask = 2147483647;
			files = (
			);
			runOnlyForDeploymentPostprocessing = 0;
		};
		556B8F06210B3BEB000C8C50 /* Frameworks */ = {
			isa = PBXFrameworksBuildPhase;
			buildActionMask = 2147483647;
			files = (
			);
			runOnlyForDeploymentPostprocessing = 0;
		};
/* End PBXFrameworksBuildPhase section */

/* Begin PBXGroup section */
		556B8EDD210B3BE6000C8C50 = {
			isa = PBXGroup;
			children = (
				556B8EE8210B3BE6000C8C50 /* test */,
				556B8F01210B3BEB000C8C50 /* testTests */,
				556B8F0C210B3BEB000C8C50 /* testUITests */,
				556B8EE7210B3BE6000C8C50 /* Products */,
			);
			sourceTree = "<group>";
		};
		556B8EE7210B3BE6000C8C50 /* Products */ = {
			isa = PBXGroup;
			children = (
				556B8EE6210B3BE6000C8C50 /* test.app */,
				556B8EFE210B3BEB000C8C50 /* testTests.xctest */,
				556B8F09210B3BEB000C8C50 /* testUITests.xctest */,
			);
			name = Products;
			sourceTree = "<group>";
		};
		556B8EE8210B3BE6000C8C50 /* test */ = {
			isa = PBXGroup;
			children = (
				556B8F1E210C46EF000C8C50 /* Cat.h */,
				556B8F1F210C46EF000C8C50 /* Cat.m */,
				556B8F24210C822E000C8C50 /* Cat+name.h */,
				556B8F25210C822E000C8C50 /* Cat+name.m */,
				556B8F21210C785B000C8C50 /* UIImage+LoadSuccess.h */,
				556B8F22210C785B000C8C50 /* UIImage+LoadSuccess.m */,
				556B8EE9210B3BE6000C8C50 /* AppDelegate.h */,
				556B8EEA210B3BE6000C8C50 /* AppDelegate.m */,
				556B8EEC210B3BE6000C8C50 /* ViewController.h */,
				556B8EED210B3BE7000C8C50 /* ViewController.m */,
				556B8EEF210B3BE7000C8C50 /* Main.storyboard */,
				556B8EF2210B3BEA000C8C50 /* Assets.xcassets */,
				556B8EF4210B3BEA000C8C50 /* LaunchScreen.storyboard */,
				556B8EF7210B3BEA000C8C50 /* Info.plist */,
				556B8EF8210B3BEA000C8C50 /* main.m */,
			);
			path = test;
			sourceTree = "<group>";
		};
		556B8F01210B3BEB000C8C50 /* testTests */ = {
			isa = PBXGroup;
			children = (
				556B8F02210B3BEB000C8C50 /* testTests.m */,
				556B8F04210B3BEB000C8C50 /* Info.plist */,
			);
			path = testTests;
			sourceTree = "<group>";
		};
		556B8F0C210B3BEB000C8C50 /* testUITests */ = {
			isa = PBXGroup;
			children = (
				556B8F0D210B3BEB000C8C50 /* testUITests.m */,
				556B8F0F210B3BEB000C8C50 /* Info.plist */,
			);
			path = testUITests;
			sourceTree = "<group>";
		};
/* End PBXGroup section */

/* Begin PBXNativeTarget section */
		556B8EE5210B3BE6000C8C50 /* test */ = {
			isa = PBXNativeTarget;
			buildConfigurationList = 556B8F12210B3BEB000C8C50 /* Build configuration list for PBXNativeTarget "test" */;
			buildPhases = (
				556B8EE2210B3BE6000C8C50 /* Sources */,
				556B8EE3210B3BE6000C8C50 /* Frameworks */,
				556B8EE4210B3BE6000C8C50 /* Resources */,
			);
			buildRules = (
			);
			dependencies = (
			);
			name = test;
			productName = test;
			productReference = 556B8EE6210B3BE6000C8C50 /* test.app */;
			productType = "com.apple.product-type.application";
		};
		556B8EFD210B3BEB000C8C50 /* testTests */ = {
			isa = PBXNativeTarget;
			buildConfigurationList = 556B8F15210B3BEB000C8C50 /* Build configuration list for PBXNativeTarget "testTests" */;
			buildPhases = (
				556B8EFA210B3BEB000C8C50 /* Sources */,
				556B8EFB210B3BEB000C8C50 /* Frameworks */,
				556B8EFC210B3BEB000C8C50 /* Resources */,
			);
			buildRules = (
			);
			dependencies = (
				556B8F00210B3BEB000C8C50 /* PBXTargetDependency */,
			);
			name = testTests;
			productName = testTests;
			productReference = 556B8EFE210B3BEB000C8C50 /* testTests.xctest */;
			productType = "com.apple.product-type.bundle.unit-test";
		};
		556B8F08210B3BEB000C8C50 /* testUITests */ = {
			isa = PBXNativeTarget;
			buildConfigurationList = 556B8F18210B3BEB000C8C50 /* Build configuration list for PBXNativeTarget "testUITests" */;
			buildPhases = (
				556B8F05210B3BEB000C8C50 /* Sources */,
				556B8F06210B3BEB000C8C50 /* Frameworks */,
				556B8F07210B3BEB000C8C50 /* Resources */,
			);
			buildRules = (
			);
			dependencies = (
				556B8F0B210B3BEB000C8C50 /* PBXTargetDependency */,
			);
			name = testUITests;
			productName = testUITests;
			productReference = 556B8F09210B3BEB000C8C50 /* testUITests.xctest */;
			productType = "com.apple.product-type.bundle.ui-testing";
		};
/* End PBXNativeTarget section */

/* Begin PBXProject section */
		556B8EDE210B3BE6000C8C50 /* Project object */ = {
			isa = PBXProject;
			attributes = {
				LastUpgradeCheck = 0930;
				ORGANIZATIONNAME = Hsusue;
				TargetAttributes = {
					556B8EE5210B3BE6000C8C50 = {
						CreatedOnToolsVersion = 9.3.1;
					};
					556B8EFD210B3BEB000C8C50 = {
						CreatedOnToolsVersion = 9.3.1;
						TestTargetID = 556B8EE5210B3BE6000C8C50;
					};
					556B8F08210B3BEB000C8C50 = {
						CreatedOnToolsVersion = 9.3.1;
						TestTargetID = 556B8EE5210B3BE6000C8C50;
					};
				};
			};
			buildConfigurationList = 556B8EE1210B3BE6000C8C50 /* Build configuration list for PBXProject "test" */;
			compatibilityVersion = "Xcode 9.3";
			developmentRegion = en;
			hasScannedForEncodings = 0;
			knownRegions = (
				en,
				Base,
			);
			mainGroup = 556B8EDD210B3BE6000C8C50;
			productRefGroup = 556B8EE7210B3BE6000C8C50 /* Products */;
			projectDirPath = "";
			projectRoot = "";
			targets = (
				556B8EE5210B3BE6000C8C50 /* test */,
				556B8EFD210B3BEB000C8C50 /* testTests */,
				556B8F08210B3BEB000C8C50 /* testUITests */,
			);
		};
/* End PBXProject section */

/* Begin PBXResourcesBuildPhase section */
		556B8EE4210B3BE6000C8C50 /* Resources */ = {
			isa = PBXResourcesBuildPhase;
			buildActionMask = 2147483647;
			files = (
				556B8EF6210B3BEA000C8C50 /* LaunchScreen.storyboard in Resources */,
				556B8EF3210B3BEA000C8C50 /* Assets.xcassets in Resources */,
				556B8EF1210B3BE7000C8C50 /* Main.storyboard in Resources */,
			);
			runOnlyForDeploymentPostprocessing = 0;
		};
		556B8EFC210B3BEB000C8C50 /* Resources */ = {
			isa = PBXResourcesBuildPhase;
			buildActionMask = 2147483647;
			files = (
			);
			runOnlyForDeploymentPostprocessing = 0;
		};
		556B8F07210B3BEB000C8C50 /* Resources */ = {
			isa = PBXResourcesBuildPhase;
			buildActionMask = 2147483647;
			files = (
			);
			runOnlyForDeploymentPostprocessing = 0;
		};
/* End PBXResourcesBuildPhase section */

/* Begin PBXSourcesBuildPhase section */
		556B8EE2210B3BE6000C8C50 /* Sources */ = {
			isa = PBXSourcesBuildPhase;
			buildActionMask = 2147483647;
			files = (
				556B8EEE210B3BE7000C8C50 /* ViewController.m in Sources */,
				556B8EF9210B3BEA000C8C50 /* main.m in Sources */,
				556B8F26210C822E000C8C50 /* Cat+name.m in Sources */,
				556B8EEB210B3BE6000C8C50 /* AppDelegate.m in Sources */,
				556B8F23210C785B000C8C50 /* UIImage+LoadSuccess.m in Sources */,
				556B8F20210C46EF000C8C50 /* Cat.m in Sources */,
			);
			runOnlyForDeploymentPostprocessing = 0;
		};
		556B8EFA210B3BEB000C8C50 /* Sources */ = {
			isa = PBXSourcesBuildPhase;
			buildActionMask = 2147483647;
			files = (
				556B8F03210B3BEB000C8C50 /* testTests.m in Sources */,
			);
			runOnlyForDeploymentPostprocessing = 0;
		};
		556B8F05210B3BEB000C8C50 /* Sources */ = {
			isa = PBXSourcesBuildPhase;
			buildActionMask = 2147483647;
			files = (
				556B8F0E210B3BEB000C8C50 /* testUITests.m in Sources */,
			);
			runOnlyForDeploymentPostprocessing = 0;
		};
/* End PBXSourcesBuildPhase section */

/* Begin PBXTargetDependency section */
		556B8F00210B3BEB000C8C50 /* PBXTargetDependency */ = {
			isa = PBXTargetDependency;
			target = 556B8EE5210B3BE6000C8C50 /* test */;
			targetProxy = 556B8EFF210B3BEB000C8C50 /* PBXContainerItemProxy */;
		};
		556B8F0B210B3BEB000C8C50 /* PBXTargetDependency */ = {
			isa = PBXTargetDependency;
			target = 556B8EE5210B3BE6000C8C50 /* test */;
			targetProxy = 556B8F0A210B3BEB000C8C50 /* PBXContainerItemProxy */;
		};
/* End PBXTargetDependency section */

/* Begin PBXVariantGroup section */
		556B8EEF210B3BE7000C8C50 /* Main.storyboard */ = {
			isa = PBXVariantGroup;
			children = (
				556B8EF0210B3BE7000C8C50 /* Base */,
			);
			name = Main.storyboard;
			sourceTree = "<group>";
		};
		556B8EF4210B3BEA000C8C50 /* LaunchScreen.storyboard */ = {
			isa = PBXVariantGroup;
			children = (
				556B8EF5210B3BEA000C8C50 /* Base */,
			);
			name = LaunchScreen.storyboard;
			sourceTree = "<group>";
		};
/* End PBXVariantGroup section */

/* Begin XCBuildConfiguration section */
		556B8F10210B3BEB000C8C50 /* Debug */ = {
			isa = XCBuildConfiguration;
			buildSettings = {
				ALWAYS_SEARCH_USER_PATHS = NO;
				CLANG_ANALYZER_NONNULL = YES;
				CLANG_ANALYZER_NUMBER_OBJECT_CONVERSION = YES_AGGRESSIVE;
				CLANG_CXX_LANGUAGE_STANDARD = "gnu++14";
				CLANG_CXX_LIBRARY = "libc++";
				CLANG_ENABLE_MODULES = YES;
				CLANG_ENABLE_OBJC_ARC = YES;
				CLANG_ENABLE_OBJC_WEAK = YES;
				CLANG_WARN_BLOCK_CAPTURE_AUTORELEASING = YES;
				CLANG_WARN_BOOL_CONVERSION = YES;
				CLANG_WARN_COMMA = YES;
				CLANG_WARN_CONSTANT_CONVERSION = YES;
				CLANG_WARN_DEPRECATED_OBJC_IMPLEMENTATIONS = YES;
				CLANG_WARN_DIRECT_OBJC_ISA_USAGE = YES_ERROR;
				CLANG_WARN_DOCUMENTATION_COMMENTS = YES;
				CLANG_WARN_EMPTY_BODY = YES;
				CLANG_WARN_ENUM_CONVERSION = YES;
				CLANG_WARN_INFINITE_RECURSION = YES;
				CLANG_WARN_INT_CONVERSION = YES;
				CLANG_WARN_NON_LITERAL_NULL_CONVERSION = YES;
				CLANG_WARN_OBJC_IMPLICIT_RETAIN_SELF = YES;
				CLANG_WARN_OBJC_LITERAL_CONVERSION = YES;
				CLANG_WARN_OBJC_ROOT_CLASS = YES_ERROR;
				CLANG_WARN_RANGE_LOOP_ANALYSIS = YES;
				CLANG_WARN_STRICT_PROTOTYPES = YES;
				CLANG_WARN_SUSPICIOUS_MOVE = YES;
				CLANG_WARN_UNGUARDED_AVAILABILITY = YES_AGGRESSIVE;
				CLANG_WARN_UNREACHABLE_CODE = YES;
				CLANG_WARN__DUPLICATE_METHOD_MATCH = YES;
				CODE_SIGN_IDENTITY = "iPhone Developer";
				COPY_PHASE_STRIP = NO;
				DEBUG_INFORMATION_FORMAT = dwarf;
				ENABLE_STRICT_OBJC_MSGSEND = YES;
				ENABLE_TESTABILITY = YES;
				GCC_C_LANGUAGE_STANDARD = gnu11;
				GCC_DYNAMIC_NO_PIC = NO;
				GCC_NO_COMMON_BLOCKS = YES;
				GCC_OPTIMIZATION_LEVEL = 0;
				GCC_PREPROCESSOR_DEFINITIONS = (
					"DEBUG=1",
					"$(inherited)",
				);
				GCC_WARN_64_TO_32_BIT_CONVERSION = YES;
				GCC_WARN_ABOUT_RETURN_TYPE = YES_ERROR;
				GCC_WARN_UNDECLARED_SELECTOR = YES;
				GCC_WARN_UNINITIALIZED_AUTOS = YES_AGGRESSIVE;
				GCC_WARN_UNUSED_FUNCTION = YES;
				GCC_WARN_UNUSED_VARIABLE = YES;
				IPHONEOS_DEPLOYMENT_TARGET = 11.3;
				MTL_ENABLE_DEBUG_INFO = YES;
				ONLY_ACTIVE_ARCH = YES;
				SDKROOT = iphoneos;
			};
			name = Debug;
		};
		556B8F11210B3BEB000C8C50 /* Release */ = {
			isa = XCBuildConfiguration;
			buildSettings = {
				ALWAYS_SEARCH_USER_PATHS = NO;
				CLANG_ANALYZER_NONNULL = YES;
				CLANG_ANALYZER_NUMBER_OBJECT_CONVERSION = YES_AGGRESSIVE;
				CLANG_CXX_LANGUAGE_STANDARD = "gnu++14";
				CLANG_CXX_LIBRARY = "libc++";
				CLANG_ENABLE_MODULES = YES;
				CLANG_ENABLE_OBJC_ARC = YES;
				CLANG_ENABLE_OBJC_WEAK = YES;
				CLANG_WARN_BLOCK_CAPTURE_AUTORELEASING = YES;
				CLANG_WARN_BOOL_CONVERSION = YES;
				CLANG_WARN_COMMA = YES;
				CLANG_WARN_CONSTANT_CONVERSION = YES;
				CLANG_WARN_DEPRECATED_OBJC_IMPLEMENTATIONS = YES;
				CLANG_WARN_DIRECT_OBJC_ISA_USAGE = YES_ERROR;
				CLANG_WARN_DOCUMENTATION_COMMENTS = YES;
				CLANG_WARN_EMPTY_BODY = YES;
				CLANG_WARN_ENUM_CONVERSION = YES;
				CLANG_WARN_INFINITE_RECURSION = YES;
				CLANG_WARN_INT_CONVERSION = YES;
				CLANG_WARN_NON_LITERAL_NULL_CONVERSION = YES;
				CLANG_WARN_OBJC_IMPLICIT_RETAIN_SELF = YES;
				CLANG_WARN_OBJC_LITERAL_CONVERSION = YES;
				CLANG_WARN_OBJC_ROOT_CLASS = YES_ERROR;
				CLANG_WARN_RANGE_LOOP_ANALYSIS = YES;
				CLANG_WARN_STRICT_PROTOTYPES = YES;
				CLANG_WARN_SUSPICIOUS_MOVE = YES;
				CLANG_WARN_UNGUARDED_AVAILABILITY = YES_AGGRESSIVE;
				CLANG_WARN_UNREACHABLE_CODE = YES;
				CLANG_WARN__DUPLICATE_METHOD_MATCH = YES;
				CODE_SIGN_IDENTITY = "iPhone Developer";
				COPY_PHASE_STRIP = NO;
				DEBUG_INFORMATION_FORMAT = "dwarf-with-dsym";
				ENABLE_NS_ASSERTIONS = NO;
				ENABLE_STRICT_OBJC_MSGSEND = YES;
				GCC_C_LANGUAGE_STANDARD = gnu11;
				GCC_NO_COMMON_BLOCKS = YES;
				GCC_WARN_64_TO_32_BIT_CONVERSION = YES;
				GCC_WARN_ABOUT_RETURN_TYPE = YES_ERROR;
				GCC_WARN_UNDECLARED_SELECTOR = YES;
				GCC_WARN_UNINITIALIZED_AUTOS = YES_AGGRESSIVE;
				GCC_WARN_UNUSED_FUNCTION = YES;
				GCC_WARN_UNUSED_VARIABLE = YES;
				IPHONEOS_DEPLOYMENT_TARGET = 11.3;
				MTL_ENABLE_DEBUG_INFO = NO;
				SDKROOT = iphoneos;
				VALIDATE_PRODUCT = YES;
			};
			name = Release;
		};
		556B8F13210B3BEB000C8C50 /* Debug */ = {
			isa = XCBuildConfiguration;
			buildSettings = {
				ASSETCATALOG_COMPILER_APPICON_NAME = AppIcon;
				CODE_SIGN_STYLE = Automatic;
				DEVELOPMENT_TEAM = CU6JS7DA28;
				INFOPLIST_FILE = test/Info.plist;
				LD_RUNPATH_SEARCH_PATHS = (
					"$(inherited)",
					"@executable_path/Frameworks",
				);
				PRODUCT_BUNDLE_IDENTIFIER = com.HS.test;
				PRODUCT_NAME = "$(TARGET_NAME)";
				TARGETED_DEVICE_FAMILY = "1,2";
			};
			name = Debug;
		};
		556B8F14210B3BEB000C8C50 /* Release */ = {
			isa = XCBuildConfiguration;
			buildSettings = {
				ASSETCATALOG_COMPILER_APPICON_NAME = AppIcon;
				CODE_SIGN_STYLE = Automatic;
				DEVELOPMENT_TEAM = CU6JS7DA28;
				INFOPLIST_FILE = test/Info.plist;
				LD_RUNPATH_SEARCH_PATHS = (
					"$(inherited)",
					"@executable_path/Frameworks",
				);
				PRODUCT_BUNDLE_IDENTIFIER = com.HS.test;
				PRODUCT_NAME = "$(TARGET_NAME)";
				TARGETED_DEVICE_FAMILY = "1,2";
			};
			name = Release;
		};
		556B8F16210B3BEB000C8C50 /* Debug */ = {
			isa = XCBuildConfiguration;
			buildSettings = {
				BUNDLE_LOADER = "$(TEST_HOST)";
				CODE_SIGN_STYLE = Automatic;
				DEVELOPMENT_TEAM = CU6JS7DA28;
				INFOPLIST_FILE = testTests/Info.plist;
				LD_RUNPATH_SEARCH_PATHS = (
					"$(inherited)",
					"@executable_path/Frameworks",
					"@loader_path/Frameworks",
				);
				PRODUCT_BUNDLE_IDENTIFIER = com.HS.testTests;
				PRODUCT_NAME = "$(TARGET_NAME)";
				TARGETED_DEVICE_FAMILY = "1,2";
				TEST_HOST = "$(BUILT_PRODUCTS_DIR)/test.app/test";
			};
			name = Debug;
		};
		556B8F17210B3BEB000C8C50 /* Release */ = {
			isa = XCBuildConfiguration;
			buildSettings = {
				BUNDLE_LOADER = "$(TEST_HOST)";
				CODE_SIGN_STYLE = Automatic;
				DEVELOPMENT_TEAM = CU6JS7DA28;
				INFOPLIST_FILE = testTests/Info.plist;
				LD_RUNPATH_SEARCH_PATHS = (
					"$(inherited)",
					"@executable_path/Frameworks",
					"@loader_path/Frameworks",
				);
				PRODUCT_BUNDLE_IDENTIFIER = com.HS.testTests;
				PRODUCT_NAME = "$(TARGET_NAME)";
				TARGETED_DEVICE_FAMILY = "1,2";
				TEST_HOST = "$(BUILT_PRODUCTS_DIR)/test.app/test";
			};
			name = Release;
		};
		556B8F19210B3BEB000C8C50 /* Debug */ = {
			isa = XCBuildConfiguration;
			buildSettings = {
				CODE_SIGN_STYLE = Automatic;
				DEVELOPMENT_TEAM = CU6JS7DA28;
				INFOPLIST_FILE = testUITests/Info.plist;
				LD_RUNPATH_SEARCH_PATHS = (
					"$(inherited)",
					"@executable_path/Frameworks",
					"@loader_path/Frameworks",
				);
				PRODUCT_BUNDLE_IDENTIFIER = com.HS.testUITests;
				PRODUCT_NAME = "$(TARGET_NAME)";
				TARGETED_DEVICE_FAMILY = "1,2";
				TEST_TARGET_NAME = test;
			};
			name = Debug;
		};
		556B8F1A210B3BEB000C8C50 /* Release */ = {
			isa = XCBuildConfiguration;
			buildSettings = {
				CODE_SIGN_STYLE = Automatic;
				DEVELOPMENT_TEAM = CU6JS7DA28;
				INFOPLIST_FILE = testUITests/Info.plist;
				LD_RUNPATH_SEARCH_PATHS = (
					"$(inherited)",
					"@executable_path/Frameworks",
					"@loader_path/Frameworks",
				);
				PRODUCT_BUNDLE_IDENTIFIER = com.HS.testUITests;
				PRODUCT_NAME = "$(TARGET_NAME)";
				TARGETED_DEVICE_FAMILY = "1,2";
				TEST_TARGET_NAME = test;
			};
			name = Release;
		};
/* End XCBuildConfiguration section */

/* Begin XCConfigurationList section */
		556B8EE1210B3BE6000C8C50 /* Build configuration list for PBXProject "test" */ = {
			isa = XCConfigurationList;
			buildConfigurations = (
				556B8F10210B3BEB000C8C50 /* Debug */,
				556B8F11210B3BEB000C8C50 /* Release */,
			);
			defaultConfigurationIsVisible = 0;
			defaultConfigurationName = Release;
		};
		556B8F12210B3BEB000C8C50 /* Build configuration list for PBXNativeTarget "test" */ = {
			isa = XCConfigurationList;
			buildConfigurations = (
				556B8F13210B3BEB000C8C50 /* Debug */,
				556B8F14210B3BEB000C8C50 /* Release */,
			);
			defaultConfigurationIsVisible = 0;
			defaultConfigurationName = Release;
		};
		556B8F15210B3BEB000C8C50 /* Build configuration list for PBXNativeTarget "testTests" */ = {
			isa = XCConfigurationList;
			buildConfigurations = (
				556B8F16210B3BEB000C8C50 /* Debug */,
				556B8F17210B3BEB000C8C50 /* Release */,
			);
			defaultConfigurationIsVisible = 0;
			defaultConfigurationName = Release;
		};
		556B8F18210B3BEB000C8C50 /* Build configuration list for PBXNativeTarget "testUITests" */ = {
			isa = XCConfigurationList;
			buildConfigurations = (
				556B8F19210B3BEB000C8C50 /* Debug */,
				556B8F1A210B3BEB000C8C50 /* Release */,
			);
			defaultConfigurationIsVisible = 0;
			defaultConfigurationName = Release;
		};
/* End XCConfigurationList section */
	};
	rootObject = 556B8EDE210B3BE6000C8C50 /* Project object */;
}
